<Solution>
  <Folder Name="/src/">
    <Project Path="src/URLShortener.Application/URLShortener.Application.csproj" />
    <Project Path="src/URLShortener.Domain/URLShortener.Domain.csproj" />
    <Project Path="src/URLShortener.Infrastructure/URLShortener.Infrastructure.csproj" />
    <Project Path="src/URLShortener.Web/URLShortener.Web.csproj" />
  </Folder>
</Solution>
